// !$*UTF8*$!
{
	archiveVersion = 1;
	classes = {
	};
	objectVersion = 56;
	objects = {

/* Begin PBXBuildFile section */
		146DE0FB2B285FB7006F1759 /* iOS5_Duenow_HanApp.swift in Sources */ = {isa = PBXBuildFile; fileRef = 146DE0FA2B285FB7006F1759 /* iOS5_Duenow_HanApp.swift */; };
		146DE0FD2B285FB7006F1759 /* ContentView.swift in Sources */ = {isa = PBXBuildFile; fileRef = 146DE0FC2B285FB7006F1759 /* ContentView.swift */; };
		146DE0FF2B285FB8006F1759 /* Assets.xcassets in Resources */ = {isa = PBXBuildFile; fileRef = 146DE0FE2B285FB8006F1759 /* Assets.xcassets */; };
		146DE1022B285FB8006F1759 /* Preview Assets.xcassets in Resources */ = {isa = PBXBuildFile; fileRef = 146DE1012B285FB8006F1759 /* Preview Assets.xcassets */; };
		146DE1092B285FC9006F1759 /* AddressBook.swift in Sources */ = {isa = PBXBuildFile; fileRef = 146DE1082B285FC9006F1759 /* AddressBook.swift */; };
		146DE10B2B285FD7006F1759 /* AddressCard.swift in Sources */ = {isa = PBXBuildFile; fileRef = 146DE10A2B285FD7006F1759 /* AddressCard.swift */; };
		146DE10D2B285FE2006F1759 /* Hobby.swift in Sources */ = {isa = PBXBuildFile; fileRef = 146DE10C2B285FE2006F1759 /* Hobby.swift */; };
		146DE10F2B2860DF006F1759 /* ViewModel.swift in Sources */ = {isa = PBXBuildFile; fileRef = 146DE10E2B2860DF006F1759 /* ViewModel.swift */; };
		146DE1172B2864A1006F1759 /* DetailView.swift in Sources */ = {isa = PBXBuildFile; fileRef = 146DE1162B2864A1006F1759 /* DetailView.swift */; };
/* End PBXBuildFile section */

/* Begin PBXFileReference section */
		146DE0F72B285FB7006F1759 /* iOS5-Duenow-Han.app */ = {isa = PBXFileReference; explicitFileType = wrapper.application; includeInIndex = 0; path = "iOS5-Duenow-Han.app"; sourceTree = BUILT_PRODUCTS_DIR; };
		146DE0FA2B285FB7006F1759 /* iOS5_Duenow_HanApp.swift */ = {isa = PBXFileReference; lastKnownFileType = sourcecode.swift; path = iOS5_Duenow_HanApp.swift; sourceTree = "<group>"; };
		146DE0FC2B285FB7006F1759 /* ContentView.swift */ = {isa = PBXFileReference; lastKnownFileType = sourcecode.swift; path = ContentView.swift; sourceTree = "<group>"; };
		146DE0FE2B285FB8006F1759 /* Assets.xcassets */ = {isa = PBXFileReference; lastKnownFileType = folder.assetcatalog; path = Assets.xcassets; sourceTree = "<group>"; };
		146DE1012B285FB8006F1759 /* Preview Assets.xcassets */ = {isa = PBXFileReference; lastKnownFileType = folder.assetcatalog; path = "Preview Assets.xcassets"; sourceTree = "<group>"; };
		146DE1082B285FC9006F1759 /* AddressBook.swift */ = {isa = PBXFileReference; lastKnownFileType = sourcecode.swift; path = AddressBook.swift; sourceTree = "<group>"; };
		146DE10A2B285FD7006F1759 /* AddressCard.swift */ = {isa = PBXFileReference; lastKnownFileType = sourcecode.swift; path = AddressCard.swift; sourceTree = "<group>"; };
		146DE10C2B285FE2006F1759 /* Hobby.swift */ = {isa = PBXFileReference; lastKnownFileType = sourcecode.swift; path = Hobby.swift; sourceTree = "<group>"; };
		146DE10E2B2860DF006F1759 /* ViewModel.swift */ = {isa = PBXFileReference; lastKnownFileType = sourcecode.swift; path = ViewModel.swift; sourceTree = "<group>"; };
		146DE1162B2864A1006F1759 /* DetailView.swift */ = {isa = PBXFileReference; lastKnownFileType = sourcecode.swift; path = DetailView.swift; sourceTree = "<group>"; };
/* End PBXFileReference section */

/* Begin PBXFrameworksBuildPhase section */
		146DE0F42B285FB7006F1759 /* Frameworks */ = {
			isa = PBXFrameworksBuildPhase;
			buildActionMask = 2147483647;
			files = (
			);
			runOnlyForDeploymentPostprocessing = 0;
		};
/* End PBXFrameworksBuildPhase section */

/* Begin PBXGroup section */
		146DE0EE2B285FB7006F1759 = {
			isa = PBXGroup;
			children = (
				146DE0F92B285FB7006F1759 /* iOS5-Duenow-Han */,
				146DE0F82B285FB7006F1759 /* Products */,
			);
			sourceTree = "<group>";
		};
		146DE0F82B285FB7006F1759 /* Products */ = {
			isa = PBXGroup;
			children = (
				146DE0F72B285FB7006F1759 /* iOS5-Duenow-Han.app */,
			);
			name = Products;
			sourceTree = "<group>";
		};
		146DE0F92B285FB7006F1759 /* iOS5-Duenow-Han */ = {
			isa = PBXGroup;
			children = (
				146DE0FA2B285FB7006F1759 /* iOS5_Duenow_HanApp.swift */,
				146DE0FC2B285FB7006F1759 /* ContentView.swift */,
				146DE0FE2B285FB8006F1759 /* Assets.xcassets */,
				146DE1002B285FB8006F1759 /* Preview Content */,
				146DE1082B285FC9006F1759 /* AddressBook.swift */,
				146DE10A2B285FD7006F1759 /* AddressCard.swift */,
				146DE10C2B285FE2006F1759 /* Hobby.swift */,
				146DE10E2B2860DF006F1759 /* ViewModel.swift */,
				146DE1162B2864A1006F1759 /* DetailView.swift */,
			);
			path = "iOS5-Duenow-Han";
			sourceTree = "<group>";
		};
		146DE1002B285FB8006F1759 /* Preview Content */ = {
			isa = PBXGroup;
			children = (
				146DE1012B285FB8006F1759 /* Preview Assets.xcassets */,
			);
			path = "Preview Content";
			sourceTree = "<group>";
		};
/* End PBXGroup section */

/* Begin PBXNativeTarget section */
		146DE0F62B285FB7006F1759 /* iOS5-Duenow-Han */ = {
			isa = PBXNativeTarget;
			buildConfigurationList = 146DE1052B285FB8006F1759 /* Build configuration list for PBXNativeTarget "iOS5-Duenow-Han" */;
			buildPhases = (
				146DE0F32B285FB7006F1759 /* Sources */,
				146DE0F42B285FB7006F1759 /* Frameworks */,
				146DE0F52B285FB7006F1759 /* Resources */,
			);
			buildRules = (
			);
			dependencies = (
			);
			name = "iOS5-Duenow-Han";
			productName = "iOS5-Duenow-Han";
			productReference = 146DE0F72B285FB7006F1759 /* iOS5-Duenow-Han.app */;
			productType = "com.apple.product-type.application";
		};
/* End PBXNativeTarget section */

/* Begin PBXProject section */
		146DE0EF2B285FB7006F1759 /* Project object */ = {
			isa = PBXProject;
			attributes = {
				BuildIndependentTargetsInParallel = 1;
				LastSwiftUpdateCheck = 1500;
				LastUpgradeCheck = 1500;
				TargetAttributes = {
					146DE0F62B285FB7006F1759 = {
						CreatedOnToolsVersion = 15.0.1;
					};
				};
			};
			buildConfigurationList = 146DE0F22B285FB7006F1759 /* Build configuration list for PBXProject "iOS5-Duenow-Han" */;
			compatibilityVersion = "Xcode 14.0";
			developmentRegion = en;
			hasScannedForEncodings = 0;
			knownRegions = (
				en,
				Base,
			);
			mainGroup = 146DE0EE2B285FB7006F1759;
			productRefGroup = 146DE0F82B285FB7006F1759 /* Products */;
			projectDirPath = "";
			projectRoot = "";
			targets = (
				146DE0F62B285FB7006F1759 /* iOS5-Duenow-Han */,
			);
		};
/* End PBXProject section */

/* Begin PBXResourcesBuildPhase section */
		146DE0F52B285FB7006F1759 /* Resources */ = {
			isa = PBXResourcesBuildPhase;
			buildActionMask = 2147483647;
			files = (
				146DE1022B285FB8006F1759 /* Preview Assets.xcassets in Resources */,
				146DE0FF2B285FB8006F1759 /* Assets.xcassets in Resources */,
			);
			runOnlyForDeploymentPostprocessing = 0;
		};
/* End PBXResourcesBuildPhase section */

/* Begin PBXSourcesBuildPhase section */
		146DE0F32B285FB7006F1759 /* Sources */ = {
			isa = PBXSourcesBuildPhase;
			buildActionMask = 2147483647;
			files = (
				146DE1172B2864A1006F1759 /* DetailView.swift in Sources */,
				146DE10B2B285FD7006F1759 /* AddressCard.swift in Sources */,
				146DE10D2B285FE2006F1759 /* Hobby.swift in Sources */,
				146DE1092B285FC9006F1759 /* AddressBook.swift in Sources */,
				146DE0FD2B285FB7006F1759 /* ContentView.swift in Sources */,
				146DE10F2B2860DF006F1759 /* ViewModel.swift in Sources */,
				146DE0FB2B285FB7006F1759 /* iOS5_Duenow_HanApp.swift in Sources */,
			);
			runOnlyForDeploymentPostprocessing = 0;
		};
/* End PBXSourcesBuildPhase section */

/* Begin XCBuildConfiguration section */
		146DE1032B285FB8006F1759 /* Debug */ = {
			isa = XCBuildConfiguration;
			buildSettings = {
				ALWAYS_SEARCH_USER_PATHS = NO;
				ASSETCATALOG_COMPILER_GENERATE_SWIFT_ASSET_SYMBOL_EXTENSIONS = YES;
				CLANG_ANALYZER_NONNULL = YES;
				CLANG_ANALYZER_NUMBER_OBJECT_CONVERSION = YES_AGGRESSIVE;
				CLANG_CXX_LANGUAGE_STANDARD = "gnu++20";
				CLANG_ENABLE_MODULES = YES;
				CLANG_ENABLE_OBJC_ARC = YES;
				CLANG_ENABLE_OBJC_WEAK = YES;
				CLANG_WARN_BLOCK_CAPTURE_AUTORELEASING = YES;
				CLANG_WARN_BOOL_CONVERSION = YES;
				CLANG_WARN_COMMA = YES;
				CLANG_WARN_CONSTANT_CONVERSION = YES;
				CLANG_WARN_DEPRECATED_OBJC_IMPLEMENTATIONS = YES;
				CLANG_WARN_DIRECT_OBJC_ISA_USAGE = YES_ERROR;
				CLANG_WARN_DOCUMENTATION_COMMENTS = YES;
				CLANG_WARN_EMPTY_BODY = YES;
				CLANG_WARN_ENUM_CONVERSION = YES;
				CLANG_WARN_INFINITE_RECURSION = YES;
				CLANG_WARN_INT_CONVERSION = YES;
				CLANG_WARN_NON_LITERAL_NULL_CONVERSION = YES;
				CLANG_WARN_OBJC_IMPLICIT_RETAIN_SELF = YES;
				CLANG_WARN_OBJC_LITERAL_CONVERSION = YES;
				CLANG_WARN_OBJC_ROOT_CLASS = YES_ERROR;
				CLANG_WARN_QUOTED_INCLUDE_IN_FRAMEWORK_HEADER = YES;
				CLANG_WARN_RANGE_LOOP_ANALYSIS = YES;
				CLANG_WARN_STRICT_PROTOTYPES = YES;
				CLANG_WARN_SUSPICIOUS_MOVE = YES;
				CLANG_WARN_UNGUARDED_AVAILABILITY = YES_AGGRESSIVE;
				CLANG_WARN_UNREACHABLE_CODE = YES;
				CLANG_WARN__DUPLICATE_METHOD_MATCH = YES;
				COPY_PHASE_STRIP = NO;
				DEBUG_INFORMATION_FORMAT = dwarf;
				ENABLE_STRICT_OBJC_MSGSEND = YES;
				ENABLE_TESTABILITY = YES;
				ENABLE_USER_SCRIPT_SANDBOXING = YES;
				GCC_C_LANGUAGE_STANDARD = gnu17;
				GCC_DYNAMIC_NO_PIC = NO;
				GCC_NO_COMMON_BLOCKS = YES;
				GCC_OPTIMIZATION_LEVEL = 0;
				GCC_PREPROCESSOR_DEFINITIONS = (
					"DEBUG=1",
					"$(inherited)",
				);
				GCC_WARN_64_TO_32_BIT_CONVERSION = YES;
				GCC_WARN_ABOUT_RETURN_TYPE = YES_ERROR;
				GCC_WARN_UNDECLARED_SELECTOR = YES;
				GCC_WARN_UNINITIALIZED_AUTOS = YES_AGGRESSIVE;
				GCC_WARN_UNUSED_FUNCTION = YES;
				GCC_WARN_UNUSED_VARIABLE = YES;
				IPHONEOS_DEPLOYMENT_TARGET = 17.0;
				LOCALIZATION_PREFERS_STRING_CATALOGS = YES;
				MTL_ENABLE_DEBUG_INFO = INCLUDE_SOURCE;
				MTL_FAST_MATH = YES;
				ONLY_ACTIVE_ARCH = YES;
				SDKROOT = iphoneos;
				SWIFT_ACTIVE_COMPILATION_CONDITIONS = "DEBUG $(inherited)";
				SWIFT_OPTIMIZATION_LEVEL = "-Onone";
			};
			name = Debug;
		};
		146DE1042B285FB8006F1759 /* Release */ = {
			isa = XCBuildConfiguration;
			buildSettings = {
				ALWAYS_SEARCH_USER_PATHS = NO;
				ASSETCATALOG_COMPILER_GENERATE_SWIFT_ASSET_SYMBOL_EXTENSIONS = YES;
				CLANG_ANALYZER_NONNULL = YES;
				CLANG_ANALYZER_NUMBER_OBJECT_CONVERSION = YES_AGGRESSIVE;
				CLANG_CXX_LANGUAGE_STANDARD = "gnu++20";
				CLANG_ENABLE_MODULES = YES;
				CLANG_ENABLE_OBJC_ARC = YES;
				CLANG_ENABLE_OBJC_WEAK = YES;
				CLANG_WARN_BLOCK_CAPTURE_AUTORELEASING = YES;
				CLANG_WARN_BOOL_CONVERSION = YES;
				CLANG_WARN_COMMA = YES;
				CLANG_WARN_CONSTANT_CONVERSION = YES;
				CLANG_WARN_DEPRECATED_OBJC_IMPLEMENTATIONS = YES;
				CLANG_WARN_DIRECT_OBJC_ISA_USAGE = YES_ERROR;
				CLANG_WARN_DOCUMENTATION_COMMENTS = YES;
				CLANG_WARN_EMPTY_BODY = YES;
				CLANG_WARN_ENUM_CONVERSION = YES;
				CLANG_WARN_INFINITE_RECURSION = YES;
				CLANG_WARN_INT_CONVERSION = YES;
				CLANG_WARN_NON_LITERAL_NULL_CONVERSION = YES;
				CLANG_WARN_OBJC_IMPLICIT_RETAIN_SELF = YES;
				CLANG_WARN_OBJC_LITERAL_CONVERSION = YES;
				CLANG_WARN_OBJC_ROOT_CLASS = YES_ERROR;
				CLANG_WARN_QUOTED_INCLUDE_IN_FRAMEWORK_HEADER = YES;
				CLANG_WARN_RANGE_LOOP_ANALYSIS = YES;
				CLANG_WARN_STRICT_PROTOTYPES = YES;
				CLANG_WARN_SUSPICIOUS_MOVE = YES;
				CLANG_WARN_UNGUARDED_AVAILABILITY = YES_AGGRESSIVE;
				CLANG_WARN_UNREACHABLE_CODE = YES;
				CLANG_WARN__DUPLICATE_METHOD_MATCH = YES;
				COPY_PHASE_STRIP = NO;
				DEBUG_INFORMATION_FORMAT = "dwarf-with-dsym";
				ENABLE_NS_ASSERTIONS = NO;
				ENABLE_STRICT_OBJC_MSGSEND = YES;
				ENABLE_USER_SCRIPT_SANDBOXING = YES;
				GCC_C_LANGUAGE_STANDARD = gnu17;
				GCC_NO_COMMON_BLOCKS = YES;
				GCC_WARN_64_TO_32_BIT_CONVERSION = YES;
				GCC_WARN_ABOUT_RETURN_TYPE = YES_ERROR;
				GCC_WARN_UNDECLARED_SELECTOR = YES;
				GCC_WARN_UNINITIALIZED_AUTOS = YES_AGGRESSIVE;
				GCC_WARN_UNUSED_FUNCTION = YES;
				GCC_WARN_UNUSED_VARIABLE = YES;
				IPHONEOS_DEPLOYMENT_TARGET = 17.0;
				LOCALIZATION_PREFERS_STRING_CATALOGS = YES;
				MTL_ENABLE_DEBUG_INFO = NO;
				MTL_FAST_MATH = YES;
				SDKROOT = iphoneos;
				SWIFT_COMPILATION_MODE = wholemodule;
				VALIDATE_PRODUCT = YES;
			};
			name = Release;
		};
		146DE1062B285FB8006F1759 /* Debug */ = {
			isa = XCBuildConfiguration;
			buildSettings = {
				ASSETCATALOG_COMPILER_APPICON_NAME = AppIcon;
				ASSETCATALOG_COMPILER_GLOBAL_ACCENT_COLOR_NAME = AccentColor;
				CODE_SIGN_STYLE = Automatic;
				CURRENT_PROJECT_VERSION = 1;
				DEVELOPMENT_ASSET_PATHS = "\"iOS5-Duenow-Han/Preview Content\"";
				DEVELOPMENT_TEAM = X7KH75GTYD;
				ENABLE_PREVIEWS = YES;
				GENERATE_INFOPLIST_FILE = YES;
				INFOPLIST_KEY_UIApplicationSceneManifest_Generation = YES;
				INFOPLIST_KEY_UIApplicationSupportsIndirectInputEvents = YES;
				INFOPLIST_KEY_UILaunchScreen_Generation = YES;
				INFOPLIST_KEY_UISupportedInterfaceOrientations_iPad = "UIInterfaceOrientationPortrait UIInterfaceOrientationPortraitUpsideDown UIInterfaceOrientationLandscapeLeft UIInterfaceOrientationLandscapeRight";
				INFOPLIST_KEY_UISupportedInterfaceOrientations_iPhone = "UIInterfaceOrientationPortrait UIInterfaceOrientationLandscapeLeft UIInterfaceOrientationLandscapeRight";
				LD_RUNPATH_SEARCH_PATHS = (
					"$(inherited)",
					"@executable_path/Frameworks",
				);
				MARKETING_VERSION = 1.0;
				PRODUCT_BUNDLE_IDENTIFIER = "Lab05.iOS5-Duenow-Han";
				PRODUCT_NAME = "$(TARGET_NAME)";
				SWIFT_EMIT_LOC_STRINGS = YES;
				SWIFT_VERSION = 5.0;
				TARGETED_DEVICE_FAMILY = "1,2";
			};
			name = Debug;
		};
		146DE1072B285FB8006F1759 /* Release */ = {
			isa = XCBuildConfiguration;
			buildSettings = {
				ASSETCATALOG_COMPILER_APPICON_NAME = AppIcon;
				ASSETCATALOG_COMPILER_GLOBAL_ACCENT_COLOR_NAME = AccentColor;
				CODE_SIGN_STYLE = Automatic;
				CURRENT_PROJECT_VERSION = 1;
				DEVELOPMENT_ASSET_PATHS = "\"iOS5-Duenow-Han/Preview Content\"";
				DEVELOPMENT_TEAM = X7KH75GTYD;
				ENABLE_PREVIEWS = YES;
				GENERATE_INFOPLIST_FILE = YES;
				INFOPLIST_KEY_UIApplicationSceneManifest_Generation = YES;
				INFOPLIST_KEY_UIApplicationSupportsIndirectInputEvents = YES;
				INFOPLIST_KEY_UILaunchScreen_Generation = YES;
				INFOPLIST_KEY_UISupportedInterfaceOrientations_iPad = "UIInterfaceOrientationPortrait UIInterfaceOrientationPortraitUpsideDown UIInterfaceOrientationLandscapeLeft UIInterfaceOrientationLandscapeRight";
				INFOPLIST_KEY_UISupportedInterfaceOrientations_iPhone = "UIInterfaceOrientationPortrait UIInterfaceOrientationLandscapeLeft UIInterfaceOrientationLandscapeRight";
				LD_RUNPATH_SEARCH_PATHS = (
					"$(inherited)",
					"@executable_path/Frameworks",
				);
				MARKETING_VERSION = 1.0;
				PRODUCT_BUNDLE_IDENTIFIER = "Lab05.iOS5-Duenow-Han";
				PRODUCT_NAME = "$(TARGET_NAME)";
				SWIFT_EMIT_LOC_STRINGS = YES;
				SWIFT_VERSION = 5.0;
				TARGETED_DEVICE_FAMILY = "1,2";
			};
			name = Release;
		};
/* End XCBuildConfiguration section */

/* Begin XCConfigurationList section */
		146DE0F22B285FB7006F1759 /* Build configuration list for PBXProject "iOS5-Duenow-Han" */ = {
			isa = XCConfigurationList;
			buildConfigurations = (
				146DE1032B285FB8006F1759 /* Debug */,
				146DE1042B285FB8006F1759 /* Release */,
			);
			defaultConfigurationIsVisible = 0;
			defaultConfigurationName = Release;
		};
		146DE1052B285FB8006F1759 /* Build configuration list for PBXNativeTarget "iOS5-Duenow-Han" */ = {
			isa = XCConfigurationList;
			buildConfigurations = (
				146DE1062B285FB8006F1759 /* Debug */,
				146DE1072B285FB8006F1759 /* Release */,
			);
			defaultConfigurationIsVisible = 0;
			defaultConfigurationName = Release;
		};
/* End XCConfigurationList section */
	};
	rootObject = 146DE0EF2B285FB7006F1759 /* Project object */;
}
